// !$*UTF8*$!
{
	archiveVersion = 1;
	classes = {
	};
	objectVersion = 50;
	objects = {

/* Begin PBXBuildFile section */
		50DA3FE12245A78D332D551F /* libPods-SideDish.a in Frameworks */ = {isa = PBXBuildFile; fileRef = 823D6FC68914CFBE94AB82E3 /* libPods-SideDish.a */; };
		7834D9AC244D901B00F72768 /* AppDelegate.swift in Sources */ = {isa = PBXBuildFile; fileRef = 7834D9AB244D901B00F72768 /* AppDelegate.swift */; };
		7834D9AE244D901B00F72768 /* SceneDelegate.swift in Sources */ = {isa = PBXBuildFile; fileRef = 7834D9AD244D901B00F72768 /* SceneDelegate.swift */; };
		7834D9B3244D901B00F72768 /* Main.storyboard in Resources */ = {isa = PBXBuildFile; fileRef = 7834D9B1244D901B00F72768 /* Main.storyboard */; };
		7834D9B5244D901D00F72768 /* Assets.xcassets in Resources */ = {isa = PBXBuildFile; fileRef = 7834D9B4244D901D00F72768 /* Assets.xcassets */; };
		7834D9B8244D901D00F72768 /* LaunchScreen.storyboard in Resources */ = {isa = PBXBuildFile; fileRef = 7834D9B6244D901D00F72768 /* LaunchScreen.storyboard */; };
		78374CEE2451CDD9000A686C /* BadgeLabel.swift in Sources */ = {isa = PBXBuildFile; fileRef = 78374CED2451CDD9000A686C /* BadgeLabel.swift */; };
		78414AC724502B7300B363D4 /* NetworkManager.swift in Sources */ = {isa = PBXBuildFile; fileRef = 78414AC624502B7300B363D4 /* NetworkManager.swift */; };
		78414AC924505AC800B363D4 /* NetworkUseCase.swift in Sources */ = {isa = PBXBuildFile; fileRef = 78414AC824505AC800B363D4 /* NetworkUseCase.swift */; };
		787F2836244EBE0500AD4D90 /* Dish.swift in Sources */ = {isa = PBXBuildFile; fileRef = 787F2835244EBE0500AD4D90 /* Dish.swift */; };
		787F2838244EBF8A00AD4D90 /* DishDetails.swift in Sources */ = {isa = PBXBuildFile; fileRef = 787F2837244EBF8A00AD4D90 /* DishDetails.swift */; };
		787F283D244EDA5400AD4D90 /* ListTableViewHeader.swift in Sources */ = {isa = PBXBuildFile; fileRef = 787F283C244EDA5400AD4D90 /* ListTableViewHeader.swift */; };
		788C9CA7244E954400368F06 /* ListViewController.swift in Sources */ = {isa = PBXBuildFile; fileRef = 788C9CA6244E954400368F06 /* ListViewController.swift */; };
		788C9CA9244E9A4D00368F06 /* ListTableViewCell.swift in Sources */ = {isa = PBXBuildFile; fileRef = 788C9CA8244E9A4D00368F06 /* ListTableViewCell.swift */; };
/* End PBXBuildFile section */

/* Begin PBXFileReference section */
		1B1526ECFABB765DA02F6C5A /* Pods-SideDish.release.xcconfig */ = {isa = PBXFileReference; includeInIndex = 1; lastKnownFileType = text.xcconfig; name = "Pods-SideDish.release.xcconfig"; path = "Target Support Files/Pods-SideDish/Pods-SideDish.release.xcconfig"; sourceTree = "<group>"; };
		53BFF456304E1E3FEF3D73CB /* Pods-SideDish.debug.xcconfig */ = {isa = PBXFileReference; includeInIndex = 1; lastKnownFileType = text.xcconfig; name = "Pods-SideDish.debug.xcconfig"; path = "Target Support Files/Pods-SideDish/Pods-SideDish.debug.xcconfig"; sourceTree = "<group>"; };
		7834D9A8244D901B00F72768 /* SideDish.app */ = {isa = PBXFileReference; explicitFileType = wrapper.application; includeInIndex = 0; path = SideDish.app; sourceTree = BUILT_PRODUCTS_DIR; };
		7834D9AB244D901B00F72768 /* AppDelegate.swift */ = {isa = PBXFileReference; lastKnownFileType = sourcecode.swift; path = AppDelegate.swift; sourceTree = "<group>"; };
		7834D9AD244D901B00F72768 /* SceneDelegate.swift */ = {isa = PBXFileReference; lastKnownFileType = sourcecode.swift; path = SceneDelegate.swift; sourceTree = "<group>"; };
		7834D9B2244D901B00F72768 /* Base */ = {isa = PBXFileReference; lastKnownFileType = file.storyboard; name = Base; path = Base.lproj/Main.storyboard; sourceTree = "<group>"; };
		7834D9B4244D901D00F72768 /* Assets.xcassets */ = {isa = PBXFileReference; lastKnownFileType = folder.assetcatalog; path = Assets.xcassets; sourceTree = "<group>"; };
		7834D9B7244D901D00F72768 /* Base */ = {isa = PBXFileReference; lastKnownFileType = file.storyboard; name = Base; path = Base.lproj/LaunchScreen.storyboard; sourceTree = "<group>"; };
		7834D9B9244D901D00F72768 /* Info.plist */ = {isa = PBXFileReference; lastKnownFileType = text.plist.xml; path = Info.plist; sourceTree = "<group>"; };
		78374CED2451CDD9000A686C /* BadgeLabel.swift */ = {isa = PBXFileReference; lastKnownFileType = sourcecode.swift; path = BadgeLabel.swift; sourceTree = "<group>"; };
		78414AC624502B7300B363D4 /* NetworkManager.swift */ = {isa = PBXFileReference; lastKnownFileType = sourcecode.swift; path = NetworkManager.swift; sourceTree = "<group>"; };
		78414AC824505AC800B363D4 /* NetworkUseCase.swift */ = {isa = PBXFileReference; lastKnownFileType = sourcecode.swift; path = NetworkUseCase.swift; sourceTree = "<group>"; };
		787F2835244EBE0500AD4D90 /* Dish.swift */ = {isa = PBXFileReference; lastKnownFileType = sourcecode.swift; path = Dish.swift; sourceTree = "<group>"; };
		787F2837244EBF8A00AD4D90 /* DishDetails.swift */ = {isa = PBXFileReference; lastKnownFileType = sourcecode.swift; path = DishDetails.swift; sourceTree = "<group>"; };
		787F283C244EDA5400AD4D90 /* ListTableViewHeader.swift */ = {isa = PBXFileReference; lastKnownFileType = sourcecode.swift; path = ListTableViewHeader.swift; sourceTree = "<group>"; };
		788C9CA6244E954400368F06 /* ListViewController.swift */ = {isa = PBXFileReference; lastKnownFileType = sourcecode.swift; path = ListViewController.swift; sourceTree = "<group>"; };
		788C9CA8244E9A4D00368F06 /* ListTableViewCell.swift */ = {isa = PBXFileReference; lastKnownFileType = sourcecode.swift; path = ListTableViewCell.swift; sourceTree = "<group>"; };
		823D6FC68914CFBE94AB82E3 /* libPods-SideDish.a */ = {isa = PBXFileReference; explicitFileType = archive.ar; includeInIndex = 0; path = "libPods-SideDish.a"; sourceTree = BUILT_PRODUCTS_DIR; };
/* End PBXFileReference section */

/* Begin PBXFrameworksBuildPhase section */
		7834D9A5244D901B00F72768 /* Frameworks */ = {
			isa = PBXFrameworksBuildPhase;
			buildActionMask = 2147483647;
			files = (
				50DA3FE12245A78D332D551F /* libPods-SideDish.a in Frameworks */,
			);
			runOnlyForDeploymentPostprocessing = 0;
		};
/* End PBXFrameworksBuildPhase section */

/* Begin PBXGroup section */
		6DBA99F26994C256BD8B8A16 /* Frameworks */ = {
			isa = PBXGroup;
			children = (
				823D6FC68914CFBE94AB82E3 /* libPods-SideDish.a */,
			);
			name = Frameworks;
			sourceTree = "<group>";
		};
		7834D99F244D901B00F72768 = {
			isa = PBXGroup;
			children = (
				7834D9AA244D901B00F72768 /* SideDish */,
				7834D9A9244D901B00F72768 /* Products */,
				B08978EA6D5BCEBF94B60C7A /* Pods */,
				6DBA99F26994C256BD8B8A16 /* Frameworks */,
			);
			sourceTree = "<group>";
		};
		7834D9A9244D901B00F72768 /* Products */ = {
			isa = PBXGroup;
			children = (
				7834D9A8244D901B00F72768 /* SideDish.app */,
			);
			name = Products;
			sourceTree = "<group>";
		};
		7834D9AA244D901B00F72768 /* SideDish */ = {
			isa = PBXGroup;
			children = (
				78414AC524502B6200B363D4 /* Network */,
				788C9CAA244EA9CD00368F06 /* Models */,
				788C9CAB244EA9DC00368F06 /* Views */,
				788C9CAC244EA9E800368F06 /* Controllers */,
				7834D9AB244D901B00F72768 /* AppDelegate.swift */,
				7834D9AD244D901B00F72768 /* SceneDelegate.swift */,
				7834D9B1244D901B00F72768 /* Main.storyboard */,
				7834D9B4244D901D00F72768 /* Assets.xcassets */,
				7834D9B6244D901D00F72768 /* LaunchScreen.storyboard */,
				7834D9B9244D901D00F72768 /* Info.plist */,
			);
			path = SideDish;
			sourceTree = "<group>";
		};
		78414AC524502B6200B363D4 /* Network */ = {
			isa = PBXGroup;
			children = (
				78414AC824505AC800B363D4 /* NetworkUseCase.swift */,
				78414AC624502B7300B363D4 /* NetworkManager.swift */,
			);
			path = Network;
			sourceTree = "<group>";
		};
		788C9CAA244EA9CD00368F06 /* Models */ = {
			isa = PBXGroup;
			children = (
				787F2835244EBE0500AD4D90 /* Dish.swift */,
				787F2837244EBF8A00AD4D90 /* DishDetails.swift */,
			);
			path = Models;
			sourceTree = "<group>";
		};
		788C9CAB244EA9DC00368F06 /* Views */ = {
			isa = PBXGroup;
			children = (
				787F283C244EDA5400AD4D90 /* ListTableViewHeader.swift */,
				788C9CA8244E9A4D00368F06 /* ListTableViewCell.swift */,
				78374CED2451CDD9000A686C /* BadgeLabel.swift */,
			);
			path = Views;
			sourceTree = "<group>";
		};
		788C9CAC244EA9E800368F06 /* Controllers */ = {
			isa = PBXGroup;
			children = (
				788C9CA6244E954400368F06 /* ListViewController.swift */,
			);
			path = Controllers;
			sourceTree = "<group>";
		};
		B08978EA6D5BCEBF94B60C7A /* Pods */ = {
			isa = PBXGroup;
			children = (
				53BFF456304E1E3FEF3D73CB /* Pods-SideDish.debug.xcconfig */,
				1B1526ECFABB765DA02F6C5A /* Pods-SideDish.release.xcconfig */,
			);
			path = Pods;
			sourceTree = "<group>";
		};
/* End PBXGroup section */

/* Begin PBXNativeTarget section */
		7834D9A7244D901B00F72768 /* SideDish */ = {
			isa = PBXNativeTarget;
			buildConfigurationList = 7834D9BC244D901D00F72768 /* Build configuration list for PBXNativeTarget "SideDish" */;
			buildPhases = (
				92163B03DFCF4A07F631C8D2 /* [CP] Check Pods Manifest.lock */,
				7834D9A4244D901B00F72768 /* Sources */,
				7834D9A5244D901B00F72768 /* Frameworks */,
				7834D9A6244D901B00F72768 /* Resources */,
			);
			buildRules = (
			);
			dependencies = (
			);
			name = SideDish;
			productName = SideDish;
			productReference = 7834D9A8244D901B00F72768 /* SideDish.app */;
			productType = "com.apple.product-type.application";
		};
/* End PBXNativeTarget section */

/* Begin PBXProject section */
		7834D9A0244D901B00F72768 /* Project object */ = {
			isa = PBXProject;
			attributes = {
				LastSwiftUpdateCheck = 1130;
				LastUpgradeCheck = 1130;
				ORGANIZATIONNAME = jinie;
				TargetAttributes = {
					7834D9A7244D901B00F72768 = {
						CreatedOnToolsVersion = 11.3;
					};
				};
			};
			buildConfigurationList = 7834D9A3244D901B00F72768 /* Build configuration list for PBXProject "SideDish" */;
			compatibilityVersion = "Xcode 9.3";
			developmentRegion = en;
			hasScannedForEncodings = 0;
			knownRegions = (
				en,
				Base,
			);
			mainGroup = 7834D99F244D901B00F72768;
			productRefGroup = 7834D9A9244D901B00F72768 /* Products */;
			projectDirPath = "";
			projectRoot = "";
			targets = (
				7834D9A7244D901B00F72768 /* SideDish */,
			);
		};
/* End PBXProject section */

/* Begin PBXResourcesBuildPhase section */
		7834D9A6244D901B00F72768 /* Resources */ = {
			isa = PBXResourcesBuildPhase;
			buildActionMask = 2147483647;
			files = (
				7834D9B8244D901D00F72768 /* LaunchScreen.storyboard in Resources */,
				7834D9B5244D901D00F72768 /* Assets.xcassets in Resources */,
				7834D9B3244D901B00F72768 /* Main.storyboard in Resources */,
			);
			runOnlyForDeploymentPostprocessing = 0;
		};
/* End PBXResourcesBuildPhase section */

/* Begin PBXShellScriptBuildPhase section */
		92163B03DFCF4A07F631C8D2 /* [CP] Check Pods Manifest.lock */ = {
			isa = PBXShellScriptBuildPhase;
			buildActionMask = 2147483647;
			files = (
			);
			inputFileListPaths = (
			);
			inputPaths = (
				"${PODS_PODFILE_DIR_PATH}/Podfile.lock",
				"${PODS_ROOT}/Manifest.lock",
			);
			name = "[CP] Check Pods Manifest.lock";
			outputFileListPaths = (
			);
			outputPaths = (
				"$(DERIVED_FILE_DIR)/Pods-SideDish-checkManifestLockResult.txt",
			);
			runOnlyForDeploymentPostprocessing = 0;
			shellPath = /bin/sh;
			shellScript = "diff \"${PODS_PODFILE_DIR_PATH}/Podfile.lock\" \"${PODS_ROOT}/Manifest.lock\" > /dev/null\nif [ $? != 0 ] ; then\n    # print error to STDERR\n    echo \"error: The sandbox is not in sync with the Podfile.lock. Run 'pod install' or update your CocoaPods installation.\" >&2\n    exit 1\nfi\n# This output is used by Xcode 'outputs' to avoid re-running this script phase.\necho \"SUCCESS\" > \"${SCRIPT_OUTPUT_FILE_0}\"\n";
			showEnvVarsInLog = 0;
		};
/* End PBXShellScriptBuildPhase section */

/* Begin PBXSourcesBuildPhase section */
		7834D9A4244D901B00F72768 /* Sources */ = {
			isa = PBXSourcesBuildPhase;
			buildActionMask = 2147483647;
			files = (
				78414AC924505AC800B363D4 /* NetworkUseCase.swift in Sources */,
				787F2838244EBF8A00AD4D90 /* DishDetails.swift in Sources */,
				78374CEE2451CDD9000A686C /* BadgeLabel.swift in Sources */,
				788C9CA7244E954400368F06 /* ListViewController.swift in Sources */,
				7834D9AC244D901B00F72768 /* AppDelegate.swift in Sources */,
				787F2836244EBE0500AD4D90 /* Dish.swift in Sources */,
				78414AC724502B7300B363D4 /* NetworkManager.swift in Sources */,
				787F283D244EDA5400AD4D90 /* ListTableViewHeader.swift in Sources */,
				788C9CA9244E9A4D00368F06 /* ListTableViewCell.swift in Sources */,
				7834D9AE244D901B00F72768 /* SceneDelegate.swift in Sources */,
			);
			runOnlyForDeploymentPostprocessing = 0;
		};
/* End PBXSourcesBuildPhase section */

/* Begin PBXVariantGroup section */
		7834D9B1244D901B00F72768 /* Main.storyboard */ = {
			isa = PBXVariantGroup;
			children = (
				7834D9B2244D901B00F72768 /* Base */,
			);
			name = Main.storyboard;
			sourceTree = "<group>";
		};
		7834D9B6244D901D00F72768 /* LaunchScreen.storyboard */ = {
			isa = PBXVariantGroup;
			children = (
				7834D9B7244D901D00F72768 /* Base */,
			);
			name = LaunchScreen.storyboard;
			sourceTree = "<group>";
		};
/* End PBXVariantGroup section */

/* Begin XCBuildConfiguration section */
		7834D9BA244D901D00F72768 /* Debug */ = {
			isa = XCBuildConfiguration;
			buildSettings = {
				ALWAYS_SEARCH_USER_PATHS = NO;
				CLANG_ANALYZER_NONNULL = YES;
				CLANG_ANALYZER_NUMBER_OBJECT_CONVERSION = YES_AGGRESSIVE;
				CLANG_CXX_LANGUAGE_STANDARD = "gnu++14";
				CLANG_CXX_LIBRARY = "libc++";
				CLANG_ENABLE_MODULES = YES;
				CLANG_ENABLE_OBJC_ARC = YES;
				CLANG_ENABLE_OBJC_WEAK = YES;
				CLANG_WARN_BLOCK_CAPTURE_AUTORELEASING = YES;
				CLANG_WARN_BOOL_CONVERSION = YES;
				CLANG_WARN_COMMA = YES;
				CLANG_WARN_CONSTANT_CONVERSION = YES;
				CLANG_WARN_DEPRECATED_OBJC_IMPLEMENTATIONS = YES;
				CLANG_WARN_DIRECT_OBJC_ISA_USAGE = YES_ERROR;
				CLANG_WARN_DOCUMENTATION_COMMENTS = YES;
				CLANG_WARN_EMPTY_BODY = YES;
				CLANG_WARN_ENUM_CONVERSION = YES;
				CLANG_WARN_INFINITE_RECURSION = YES;
				CLANG_WARN_INT_CONVERSION = YES;
				CLANG_WARN_NON_LITERAL_NULL_CONVERSION = YES;
				CLANG_WARN_OBJC_IMPLICIT_RETAIN_SELF = YES;
				CLANG_WARN_OBJC_LITERAL_CONVERSION = YES;
				CLANG_WARN_OBJC_ROOT_CLASS = YES_ERROR;
				CLANG_WARN_RANGE_LOOP_ANALYSIS = YES;
				CLANG_WARN_STRICT_PROTOTYPES = YES;
				CLANG_WARN_SUSPICIOUS_MOVE = YES;
				CLANG_WARN_UNGUARDED_AVAILABILITY = YES_AGGRESSIVE;
				CLANG_WARN_UNREACHABLE_CODE = YES;
				CLANG_WARN__DUPLICATE_METHOD_MATCH = YES;
				COPY_PHASE_STRIP = NO;
				DEBUG_INFORMATION_FORMAT = dwarf;
				ENABLE_STRICT_OBJC_MSGSEND = YES;
				ENABLE_TESTABILITY = YES;
				GCC_C_LANGUAGE_STANDARD = gnu11;
				GCC_DYNAMIC_NO_PIC = NO;
				GCC_NO_COMMON_BLOCKS = YES;
				GCC_OPTIMIZATION_LEVEL = 0;
				GCC_PREPROCESSOR_DEFINITIONS = (
					"DEBUG=1",
					"$(inherited)",
				);
				GCC_WARN_64_TO_32_BIT_CONVERSION = YES;
				GCC_WARN_ABOUT_RETURN_TYPE = YES_ERROR;
				GCC_WARN_UNDECLARED_SELECTOR = YES;
				GCC_WARN_UNINITIALIZED_AUTOS = YES_AGGRESSIVE;
				GCC_WARN_UNUSED_FUNCTION = YES;
				GCC_WARN_UNUSED_VARIABLE = YES;
				IPHONEOS_DEPLOYMENT_TARGET = 13.2;
				MTL_ENABLE_DEBUG_INFO = INCLUDE_SOURCE;
				MTL_FAST_MATH = YES;
				ONLY_ACTIVE_ARCH = YES;
				SDKROOT = iphoneos;
				SWIFT_ACTIVE_COMPILATION_CONDITIONS = DEBUG;
				SWIFT_OPTIMIZATION_LEVEL = "-Onone";
			};
			name = Debug;
		};
		7834D9BB244D901D00F72768 /* Release */ = {
			isa = XCBuildConfiguration;
			buildSettings = {
				ALWAYS_SEARCH_USER_PATHS = NO;
				CLANG_ANALYZER_NONNULL = YES;
				CLANG_ANALYZER_NUMBER_OBJECT_CONVERSION = YES_AGGRESSIVE;
				CLANG_CXX_LANGUAGE_STANDARD = "gnu++14";
				CLANG_CXX_LIBRARY = "libc++";
				CLANG_ENABLE_MODULES = YES;
				CLANG_ENABLE_OBJC_ARC = YES;
				CLANG_ENABLE_OBJC_WEAK = YES;
				CLANG_WARN_BLOCK_CAPTURE_AUTORELEASING = YES;
				CLANG_WARN_BOOL_CONVERSION = YES;
				CLANG_WARN_COMMA = YES;
				CLANG_WARN_CONSTANT_CONVERSION = YES;
				CLANG_WARN_DEPRECATED_OBJC_IMPLEMENTATIONS = YES;
				CLANG_WARN_DIRECT_OBJC_ISA_USAGE = YES_ERROR;
				CLANG_WARN_DOCUMENTATION_COMMENTS = YES;
				CLANG_WARN_EMPTY_BODY = YES;
				CLANG_WARN_ENUM_CONVERSION = YES;
				CLANG_WARN_INFINITE_RECURSION = YES;
				CLANG_WARN_INT_CONVERSION = YES;
				CLANG_WARN_NON_LITERAL_NULL_CONVERSION = YES;
				CLANG_WARN_OBJC_IMPLICIT_RETAIN_SELF = YES;
				CLANG_WARN_OBJC_LITERAL_CONVERSION = YES;
				CLANG_WARN_OBJC_ROOT_CLASS = YES_ERROR;
				CLANG_WARN_RANGE_LOOP_ANALYSIS = YES;
				CLANG_WARN_STRICT_PROTOTYPES = YES;
				CLANG_WARN_SUSPICIOUS_MOVE = YES;
				CLANG_WARN_UNGUARDED_AVAILABILITY = YES_AGGRESSIVE;
				CLANG_WARN_UNREACHABLE_CODE = YES;
				CLANG_WARN__DUPLICATE_METHOD_MATCH = YES;
				COPY_PHASE_STRIP = NO;
				DEBUG_INFORMATION_FORMAT = "dwarf-with-dsym";
				ENABLE_NS_ASSERTIONS = NO;
				ENABLE_STRICT_OBJC_MSGSEND = YES;
				GCC_C_LANGUAGE_STANDARD = gnu11;
				GCC_NO_COMMON_BLOCKS = YES;
				GCC_WARN_64_TO_32_BIT_CONVERSION = YES;
				GCC_WARN_ABOUT_RETURN_TYPE = YES_ERROR;
				GCC_WARN_UNDECLARED_SELECTOR = YES;
				GCC_WARN_UNINITIALIZED_AUTOS = YES_AGGRESSIVE;
				GCC_WARN_UNUSED_FUNCTION = YES;
				GCC_WARN_UNUSED_VARIABLE = YES;
				IPHONEOS_DEPLOYMENT_TARGET = 13.2;
				MTL_ENABLE_DEBUG_INFO = NO;
				MTL_FAST_MATH = YES;
				SDKROOT = iphoneos;
				SWIFT_COMPILATION_MODE = wholemodule;
				SWIFT_OPTIMIZATION_LEVEL = "-O";
				VALIDATE_PRODUCT = YES;
			};
			name = Release;
		};
		7834D9BD244D901D00F72768 /* Debug */ = {
			isa = XCBuildConfiguration;
			baseConfigurationReference = 53BFF456304E1E3FEF3D73CB /* Pods-SideDish.debug.xcconfig */;
			buildSettings = {
				ASSETCATALOG_COMPILER_APPICON_NAME = AppIcon;
				CODE_SIGN_STYLE = Automatic;
				INFOPLIST_FILE = SideDish/Info.plist;
				IPHONEOS_DEPLOYMENT_TARGET = 13.2;
				LD_RUNPATH_SEARCH_PATHS = (
					"$(inherited)",
					"@executable_path/Frameworks",
				);
				PRODUCT_BUNDLE_IDENTIFIER = jinie.SideDish;
				PRODUCT_NAME = "$(TARGET_NAME)";
				SWIFT_VERSION = 5.0;
				TARGETED_DEVICE_FAMILY = "1,2";
			};
			name = Debug;
		};
		7834D9BE244D901D00F72768 /* Release */ = {
			isa = XCBuildConfiguration;
			baseConfigurationReference = 1B1526ECFABB765DA02F6C5A /* Pods-SideDish.release.xcconfig */;
			buildSettings = {
				ASSETCATALOG_COMPILER_APPICON_NAME = AppIcon;
				CODE_SIGN_STYLE = Automatic;
				INFOPLIST_FILE = SideDish/Info.plist;
				IPHONEOS_DEPLOYMENT_TARGET = 13.2;
				LD_RUNPATH_SEARCH_PATHS = (
					"$(inherited)",
					"@executable_path/Frameworks",
				);
				PRODUCT_BUNDLE_IDENTIFIER = jinie.SideDish;
				PRODUCT_NAME = "$(TARGET_NAME)";
				SWIFT_VERSION = 5.0;
				TARGETED_DEVICE_FAMILY = "1,2";
			};
			name = Release;
		};
/* End XCBuildConfiguration section */

/* Begin XCConfigurationList section */
		7834D9A3244D901B00F72768 /* Build configuration list for PBXProject "SideDish" */ = {
			isa = XCConfigurationList;
			buildConfigurations = (
				7834D9BA244D901D00F72768 /* Debug */,
				7834D9BB244D901D00F72768 /* Release */,
			);
			defaultConfigurationIsVisible = 0;
			defaultConfigurationName = Release;
		};
		7834D9BC244D901D00F72768 /* Build configuration list for PBXNativeTarget "SideDish" */ = {
			isa = XCConfigurationList;
			buildConfigurations = (
				7834D9BD244D901D00F72768 /* Debug */,
				7834D9BE244D901D00F72768 /* Release */,
			);
			defaultConfigurationIsVisible = 0;
			defaultConfigurationName = Release;
		};
/* End XCConfigurationList section */
	};
	rootObject = 7834D9A0244D901B00F72768 /* Project object */;
}
